{
  "nodes": {
    "brandenburg-pbf": {
      "flake": false,
      "info": {
        "lastModified": 1588024464,
        "narHash": "sha256-cAipdQtqtcfKnn1EXeNlP4nMC/+BqkyGrZAbLeJBj6w=",
        "revCount": 1
      },
      "locked": {
        "ref": "master",
        "rev": "91b714819d3b4cd5e6f2f999a3ddf2c7f0d02e36",
        "type": "git",
        "url": "file:///home/justin/git/mmz/wahlkarte/generate-boundaries/raw"
      },
      "original": {
        "type": "git",
        "url": "file:///home/justin/git/mmz/wahlkarte/generate-boundaries/raw"
      }
    },
    "nixpkgs": {
      "info": {
        "lastModified": 1590171379,
        "narHash": "sha256-PLQrzloUrkf8o4+x5y9NnGeILz0/MLL9SSWJLX/M/Bc=",
        "revCount": 214855
      },
      "locked": {
        "ref": "custom-20.03",
        "rev": "2b8cd6e6c8e7e840f8694d2ea0feb851bf4d75c0",
        "type": "git",
        "url": "file:///home/justin/nixpkgs"
      },
      "original": {
        "id": "nixpkgs",
        "type": "indirect"
      }
    },
    "root": {
      "inputs": {
        "brandenburg-pbf": "brandenburg-pbf",
        "nixpkgs": "nixpkgs"
      }
    }
  },
  "root": "root",
  "version": 5
}
