{
  "nodes": {
    "brandenburg-pbf": {
      "flake": false,
      "info": {
        "lastModified": 1588024464,
        "narHash": "sha256-cAipdQtqtcfKnn1EXeNlP4nMC/+BqkyGrZAbLeJBj6w=",
        "revCount": 1
      },
      "locked": {
        "ref": "master",
        "rev": "91b714819d3b4cd5e6f2f999a3ddf2c7f0d02e36",
        "type": "git",
        "url": "file:///home/justin/git/mmz/wahlkarte/generate-boundaries/raw"
      },
      "original": {
        "type": "git",
        "url": "file:///home/justin/git/mmz/wahlkarte/generate-boundaries/raw"
      }
    },
    "nixpkgs": {
      "info": {
        "lastModified": 1584485673,
        "narHash": "sha256-3PQSbnA16MxLQub3M8X/QSE1ggTfHVd/wWpOKutiYvw="
      },
      "locked": {
        "owner": "NixOS",
        "repo": "nixpkgs",
        "rev": "4a672de9e65e79f6b3bc7e1ffc09f55046b24633",
        "type": "github"
      },
      "original": {
        "id": "nixpkgs",
        "type": "indirect"
      }
    },
    "root": {
      "inputs": {
        "brandenburg-pbf": "brandenburg-pbf",
        "nixpkgs": "nixpkgs"
      }
    }
  },
  "root": "root",
  "version": 5
}
